{
  "version": 4,
  "terraform_version": "1.2.2",
  "serial": 44,
  "lineage": "d0881d4d-8d4a-b08a-7ea3-8b2d43256a85",
  "outputs": {},
  "resources": [
    {
      "mode": "managed",
      "type": "google_container_node_pool",
      "name": "general",
      "provider": "provider[\"registry.terraform.io/hashicorp/google\"]",
      "instances": []
    },
    {
      "mode": "managed",
      "type": "google_container_node_pool",
      "name": "spot",
      "provider": "provider[\"registry.terraform.io/hashicorp/google\"]",
      "instances": []
    },
    {
      "mode": "managed",
      "type": "google_project_service",
      "name": "compute",
      "provider": "provider[\"registry.terraform.io/hashicorp/google\"]",
      "instances": [
        {
          "schema_version": 0,
          "attributes": {
            "disable_dependent_services": null,
            "disable_on_destroy": true,
            "id": "golden-plateau-358415/compute.googleapis.com",
            "project": "golden-plateau-358415",
            "service": "compute.googleapis.com",
            "timeouts": null
          },
          "sensitive_attributes": [],
          "private": "eyJlMmJmYjczMC1lY2FhLTExZTYtOGY4OC0zNDM2M2JjN2M0YzAiOnsiY3JlYXRlIjoxMjAwMDAwMDAwMDAwLCJkZWxldGUiOjEyMDAwMDAwMDAwMDAsInJlYWQiOjYwMDAwMDAwMDAwMCwidXBkYXRlIjoxMjAwMDAwMDAwMDAwfX0="
        }
      ]
    },
    {
      "mode": "managed",
      "type": "google_project_service",
      "name": "container",
      "provider": "provider[\"registry.terraform.io/hashicorp/google\"]",
      "instances": [
        {
          "schema_version": 0,
          "attributes": {
            "disable_dependent_services": null,
            "disable_on_destroy": true,
            "id": "golden-plateau-358415/container.googleapis.com",
            "project": "golden-plateau-358415",
            "service": "container.googleapis.com",
            "timeouts": null
          },
          "sensitive_attributes": [],
          "private": "eyJlMmJmYjczMC1lY2FhLTExZTYtOGY4OC0zNDM2M2JjN2M0YzAiOnsiY3JlYXRlIjoxMjAwMDAwMDAwMDAwLCJkZWxldGUiOjEyMDAwMDAwMDAwMDAsInJlYWQiOjYwMDAwMDAwMDAwMCwidXBkYXRlIjoxMjAwMDAwMDAwMDAwfX0="
        }
      ]
    },
    {
      "mode": "managed",
      "type": "google_service_account",
      "name": "kubernetes",
      "provider": "provider[\"registry.terraform.io/hashicorp/google\"]",
      "instances": [
        {
          "schema_version": 0,
          "attributes": {
            "account_id": "kubernetes",
            "description": "",
            "disabled": false,
            "display_name": "",
            "email": "kubernetes@golden-plateau-358415.iam.gserviceaccount.com",
            "id": "projects/golden-plateau-358415/serviceAccounts/kubernetes@golden-plateau-358415.iam.gserviceaccount.com",
            "name": "projects/golden-plateau-358415/serviceAccounts/kubernetes@golden-plateau-358415.iam.gserviceaccount.com",
            "project": "golden-plateau-358415",
            "timeouts": null,
            "unique_id": "114024460061184978710"
          },
          "sensitive_attributes": [],
          "private": "eyJlMmJmYjczMC1lY2FhLTExZTYtOGY4OC0zNDM2M2JjN2M0YzAiOnsiY3JlYXRlIjozMDAwMDAwMDAwMDB9fQ=="
        }
      ]
    },
    {
      "module": "module.network",
      "mode": "managed",
      "type": "google_compute_address",
      "name": "nat",
      "provider": "provider[\"registry.terraform.io/hashicorp/google\"]",
      "instances": [
        {
          "schema_version": 0,
          "attributes": {
            "address": "35.231.76.199",
            "address_type": "EXTERNAL",
            "creation_timestamp": "2022-09-23T08:47:07.503-07:00",
            "description": "",
            "id": "projects/golden-plateau-358415/regions/us-east1/addresses/nat",
            "name": "nat",
            "network": "",
            "network_tier": "PREMIUM",
            "prefix_length": 0,
            "project": "golden-plateau-358415",
            "purpose": "",
            "region": "us-east1",
            "self_link": "https://www.googleapis.com/compute/v1/projects/golden-plateau-358415/regions/us-east1/addresses/nat",
            "subnetwork": "",
            "timeouts": null,
            "users": [
              "https://www.googleapis.com/compute/v1/projects/golden-plateau-358415/regions/us-east1/routers/router"
            ]
          },
          "sensitive_attributes": [],
          "private": "eyJlMmJmYjczMC1lY2FhLTExZTYtOGY4OC0zNDM2M2JjN2M0YzAiOnsiY3JlYXRlIjoxMjAwMDAwMDAwMDAwLCJkZWxldGUiOjEyMDAwMDAwMDAwMDB9fQ==",
          "dependencies": [
            "google_project_service.compute"
          ]
        }
      ]
    },
    {
      "module": "module.network",
      "mode": "managed",
      "type": "google_compute_network",
      "name": "main",
      "provider": "provider[\"registry.terraform.io/hashicorp/google\"]",
      "instances": [
        {
          "schema_version": 0,
          "attributes": {
            "auto_create_subnetworks": false,
            "delete_default_routes_on_create": false,
            "description": "",
            "enable_ula_internal_ipv6": false,
            "gateway_ipv4": "",
            "id": "projects/golden-plateau-358415/global/networks/gke-network01",
            "internal_ipv6_range": "",
            "mtu": 1460,
            "name": "gke-network01",
            "project": "golden-plateau-358415",
            "routing_mode": "REGIONAL",
            "self_link": "https://www.googleapis.com/compute/v1/projects/golden-plateau-358415/global/networks/gke-network01",
            "timeouts": null
          },
          "sensitive_attributes": [],
          "private": "eyJlMmJmYjczMC1lY2FhLTExZTYtOGY4OC0zNDM2M2JjN2M0YzAiOnsiY3JlYXRlIjoxMjAwMDAwMDAwMDAwLCJkZWxldGUiOjEyMDAwMDAwMDAwMDAsInVwZGF0ZSI6MTIwMDAwMDAwMDAwMH19",
          "dependencies": [
            "google_project_service.compute",
            "google_project_service.container"
          ]
        }
      ]
    },
    {
      "module": "module.network",
      "mode": "managed",
      "type": "google_compute_router",
      "name": "router",
      "provider": "provider[\"registry.terraform.io/hashicorp/google\"]",
      "instances": [
        {
          "schema_version": 0,
          "attributes": {
            "bgp": [],
            "creation_timestamp": "2022-09-23T08:47:18.734-07:00",
            "description": "",
            "encrypted_interconnect_router": false,
            "id": "projects/golden-plateau-358415/regions/us-east1/routers/router",
            "name": "router",
            "network": "https://www.googleapis.com/compute/v1/projects/golden-plateau-358415/global/networks/gke-network01",
            "project": "golden-plateau-358415",
            "region": "us-east1",
            "self_link": "https://www.googleapis.com/compute/v1/projects/golden-plateau-358415/regions/us-east1/routers/router",
            "timeouts": null
          },
          "sensitive_attributes": [],
          "private": "eyJlMmJmYjczMC1lY2FhLTExZTYtOGY4OC0zNDM2M2JjN2M0YzAiOnsiY3JlYXRlIjoxMjAwMDAwMDAwMDAwLCJkZWxldGUiOjEyMDAwMDAwMDAwMDAsInVwZGF0ZSI6MTIwMDAwMDAwMDAwMH19",
          "dependencies": [
            "google_project_service.compute",
            "google_project_service.container",
            "module.network.google_compute_network.main"
          ]
        }
      ]
    },
    {
      "module": "module.network",
      "mode": "managed",
      "type": "google_compute_router_nat",
      "name": "nat",
      "provider": "provider[\"registry.terraform.io/hashicorp/google\"]",
      "instances": [
        {
          "schema_version": 0,
          "attributes": {
            "drain_nat_ips": [],
            "enable_dynamic_port_allocation": false,
            "enable_endpoint_independent_mapping": true,
            "icmp_idle_timeout_sec": 30,
            "id": "golden-plateau-358415/us-east1/router/nat",
            "log_config": [],
            "max_ports_per_vm": 0,
            "min_ports_per_vm": 0,
            "name": "nat",
            "nat_ip_allocate_option": "MANUAL_ONLY",
            "nat_ips": [
              "https://www.googleapis.com/compute/v1/projects/golden-plateau-358415/regions/us-east1/addresses/nat"
            ],
            "project": "golden-plateau-358415",
            "region": "us-east1",
            "router": "router",
            "source_subnetwork_ip_ranges_to_nat": "LIST_OF_SUBNETWORKS",
            "subnetwork": [
              {
                "name": "https://www.googleapis.com/compute/v1/projects/golden-plateau-358415/regions/us-east1/subnetworks/kube-private01",
                "secondary_ip_range_names": [],
                "source_ip_ranges_to_nat": [
                  "ALL_IP_RANGES"
                ]
              }
            ],
            "tcp_established_idle_timeout_sec": 1200,
            "tcp_transitory_idle_timeout_sec": 30,
            "timeouts": null,
            "udp_idle_timeout_sec": 30
          },
          "sensitive_attributes": [],
          "private": "eyJlMmJmYjczMC1lY2FhLTExZTYtOGY4OC0zNDM2M2JjN2M0YzAiOnsiY3JlYXRlIjoxMjAwMDAwMDAwMDAwLCJkZWxldGUiOjEyMDAwMDAwMDAwMDAsInVwZGF0ZSI6MTIwMDAwMDAwMDAwMH19",
          "dependencies": [
            "google_project_service.compute",
            "google_project_service.container",
            "module.network.google_compute_address.nat",
            "module.network.google_compute_network.main",
            "module.network.google_compute_router.router",
            "module.network.google_compute_subnetwork.private"
          ]
        }
      ]
    },
    {
      "module": "module.network",
      "mode": "managed",
      "type": "google_compute_subnetwork",
      "name": "private",
      "provider": "provider[\"registry.terraform.io/hashicorp/google\"]",
      "instances": [
        {
          "schema_version": 0,
          "attributes": {
            "creation_timestamp": "2022-09-23T08:48:32.528-07:00",
            "description": "",
            "external_ipv6_prefix": "",
            "fingerprint": null,
            "gateway_address": "10.0.0.1",
            "id": "projects/golden-plateau-358415/regions/us-east1/subnetworks/kube-private01",
            "ip_cidr_range": "10.0.0.0/18",
            "ipv6_access_type": "",
            "ipv6_cidr_range": "",
            "log_config": [],
            "name": "kube-private01",
            "network": "https://www.googleapis.com/compute/v1/projects/golden-plateau-358415/global/networks/gke-network01",
            "private_ip_google_access": true,
            "private_ipv6_google_access": "DISABLE_GOOGLE_ACCESS",
            "project": "golden-plateau-358415",
            "purpose": "PRIVATE",
            "region": "us-east1",
            "role": "",
            "secondary_ip_range": [
              {
                "ip_cidr_range": "10.48.0.0/14",
                "range_name": "k8s-pod-range"
              },
              {
                "ip_cidr_range": "10.52.0.0/20",
                "range_name": "k8s-service-range"
              }
            ],
            "self_link": "https://www.googleapis.com/compute/v1/projects/golden-plateau-358415/regions/us-east1/subnetworks/kube-private01",
            "stack_type": "IPV4_ONLY",
            "timeouts": null
          },
          "sensitive_attributes": [],
          "private": "eyJlMmJmYjczMC1lY2FhLTExZTYtOGY4OC0zNDM2M2JjN2M0YzAiOnsiY3JlYXRlIjoxMjAwMDAwMDAwMDAwLCJkZWxldGUiOjEyMDAwMDAwMDAwMDAsInVwZGF0ZSI6MTIwMDAwMDAwMDAwMH19",
          "dependencies": [
            "google_project_service.compute",
            "google_project_service.container",
            "module.network.google_compute_network.main"
          ]
        }
      ]
    }
  ]
}
